
Microsoft Visual Studio Solution File, Format Version 12.00
# Visual Studio Version 17
VisualStudioVersion = 17.5.33516.290
MinimumVisualStudioVersion = 10.0.40219.1
Project("{FAE04EC0-301F-11D3-BF4B-00C04F79EFBC}") = "DomainDrivenDesignApplication", "DomainDrivenDesignApplication\DomainDrivenDesignApplication.csproj", "{8DE3B209-425B-4557-AFA5-143AD9F46BAA}"
EndProject
Project("{FAE04EC0-301F-11D3-BF4B-00C04F79EFBC}") = "Domain", "Domain\Domain.csproj", "{753DF7B8-8A8A-471D-B7BD-24F760704640}"
EndProject
Global
	GlobalSection(SolutionConfigurationPlatforms) = preSolution
		Debug|Any CPU = Debug|Any CPU
		Release|Any CPU = Release|Any CPU
	EndGlobalSection
	GlobalSection(ProjectConfigurationPlatforms) = postSolution
		{8DE3B209-425B-4557-AFA5-143AD9F46BAA}.Debug|Any CPU.ActiveCfg = Debug|Any CPU
		{8DE3B209-425B-4557-AFA5-143AD9F46BAA}.Debug|Any CPU.Build.0 = Debug|Any CPU
		{8DE3B209-425B-4557-AFA5-143AD9F46BAA}.Release|Any CPU.ActiveCfg = Release|Any CPU
		{8DE3B209-425B-4557-AFA5-143AD9F46BAA}.Release|Any CPU.Build.0 = Release|Any CPU
		{753DF7B8-8A8A-471D-B7BD-24F760704640}.Debug|Any CPU.ActiveCfg = Debug|Any CPU
		{753DF7B8-8A8A-471D-B7BD-24F760704640}.Debug|Any CPU.Build.0 = Debug|Any CPU
		{753DF7B8-8A8A-471D-B7BD-24F760704640}.Release|Any CPU.ActiveCfg = Release|Any CPU
		{753DF7B8-8A8A-471D-B7BD-24F760704640}.Release|Any CPU.Build.0 = Release|Any CPU
	EndGlobalSection
	GlobalSection(SolutionProperties) = preSolution
		HideSolutionNode = FALSE
	EndGlobalSection
	GlobalSection(ExtensibilityGlobals) = postSolution
		SolutionGuid = {D2CF5D87-E538-46AB-B03E-20A74BB0D291}
	EndGlobalSection
EndGlobal
